// !$*UTF8*$!
{
	archiveVersion = 1;
	classes = {
	};
	objectVersion = 50;
	objects = {

/* Begin PBXBuildFile section */
		3D2CAA9B2544A42900CCC033 /* InstaCloneApp.swift in Sources */ = {isa = PBXBuildFile; fileRef = 3D2CAA9A2544A42900CCC033 /* InstaCloneApp.swift */; };
		3D2CAA9D2544A42900CCC033 /* FeedView.swift in Sources */ = {isa = PBXBuildFile; fileRef = 3D2CAA9C2544A42900CCC033 /* FeedView.swift */; };
		3D2CAA9F2544A42900CCC033 /* Assets.xcassets in Resources */ = {isa = PBXBuildFile; fileRef = 3D2CAA9E2544A42900CCC033 /* Assets.xcassets */; };
		3D2CAAA22544A42900CCC033 /* Preview Assets.xcassets in Resources */ = {isa = PBXBuildFile; fileRef = 3D2CAAA12544A42900CCC033 /* Preview Assets.xcassets */; };
		3D2CAAAB2544A53000CCC033 /* AppView.swift in Sources */ = {isa = PBXBuildFile; fileRef = 3D2CAAAA2544A53000CCC033 /* AppView.swift */; };
		3D2CAAAF2544A58500CCC033 /* ProfileView.swift in Sources */ = {isa = PBXBuildFile; fileRef = 3D2CAAAE2544A58500CCC033 /* ProfileView.swift */; };
		3D2CAAB42544A60600CCC033 /* SearchView.swift in Sources */ = {isa = PBXBuildFile; fileRef = 3D2CAAB32544A60600CCC033 /* SearchView.swift */; };
		3D2CAAB72544A66800CCC033 /* AddContentView.swift in Sources */ = {isa = PBXBuildFile; fileRef = 3D2CAAB62544A66800CCC033 /* AddContentView.swift */; };
		3D2CAABA2544A6CF00CCC033 /* ActivityView.swift in Sources */ = {isa = PBXBuildFile; fileRef = 3D2CAAB92544A6CF00CCC033 /* ActivityView.swift */; };
		3D42948E254D7667008EDE5A /* DataAccess.swift in Sources */ = {isa = PBXBuildFile; fileRef = 3D42948D254D7667008EDE5A /* DataAccess.swift */; };
		3D429491254D7C1C008EDE5A /* FileManager+Ext.swift in Sources */ = {isa = PBXBuildFile; fileRef = 3D429490254D7C1C008EDE5A /* FileManager+Ext.swift */; };
		3D8AE7DC254A03050063F24E /* PostCommentsView.swift in Sources */ = {isa = PBXBuildFile; fileRef = 3D8AE7DB254A03050063F24E /* PostCommentsView.swift */; };
		3D8AE7DF254A03DE0063F24E /* PosterProfileView.swift in Sources */ = {isa = PBXBuildFile; fileRef = 3D8AE7DE254A03DE0063F24E /* PosterProfileView.swift */; };
		3D8AE7E2254A045D0063F24E /* PostActionRibbonView.swift in Sources */ = {isa = PBXBuildFile; fileRef = 3D8AE7E1254A045D0063F24E /* PostActionRibbonView.swift */; };
		3D8AE7E7254A070D0063F24E /* SignedOnUserStoryListView.swift in Sources */ = {isa = PBXBuildFile; fileRef = 3D8AE7E6254A070D0063F24E /* SignedOnUserStoryListView.swift */; };
		3D8AE7EB254A072B0063F24E /* InfluencerStoryListView.swift in Sources */ = {isa = PBXBuildFile; fileRef = 3D8AE7EA254A072B0063F24E /* InfluencerStoryListView.swift */; };
		3D8AE7F0254A0FE30063F24E /* StoriesListView.swift in Sources */ = {isa = PBXBuildFile; fileRef = 3D8AE7EF254A0FE30063F24E /* StoriesListView.swift */; };
		3D9065C2254B58E300020D28 /* Date+Ext.swift in Sources */ = {isa = PBXBuildFile; fileRef = 3D9065C1254B58E300020D28 /* Date+Ext.swift */; };
		3D94098E2548A7260089C191 /* UserProfile.swift in Sources */ = {isa = PBXBuildFile; fileRef = 3D94098D2548A7260089C191 /* UserProfile.swift */; };
		3D9409912548A8590089C191 /* FeedViewModel.swift in Sources */ = {isa = PBXBuildFile; fileRef = 3D9409902548A8590089C191 /* FeedViewModel.swift */; };
		3D9409942548AFA60089C191 /* SignOnPage.swift in Sources */ = {isa = PBXBuildFile; fileRef = 3D9409932548AFA60089C191 /* SignOnPage.swift */; };
		3D9409982548B1160089C191 /* PostListView.swift in Sources */ = {isa = PBXBuildFile; fileRef = 3D9409972548B1160089C191 /* PostListView.swift */; };
		3D94099C2548B17A0089C191 /* PreviewMockData.swift in Sources */ = {isa = PBXBuildFile; fileRef = 3D94099B2548B17A0089C191 /* PreviewMockData.swift */; };
		3DA30E31254CAFDA00370585 /* Haptics.swift in Sources */ = {isa = PBXBuildFile; fileRef = 3DA30E30254CAFDA00370585 /* Haptics.swift */; };
/* End PBXBuildFile section */

/* Begin PBXFileReference section */
		3D2CAA972544A42900CCC033 /* InstaClone.app */ = {isa = PBXFileReference; explicitFileType = wrapper.application; includeInIndex = 0; path = InstaClone.app; sourceTree = BUILT_PRODUCTS_DIR; };
		3D2CAA9A2544A42900CCC033 /* InstaCloneApp.swift */ = {isa = PBXFileReference; lastKnownFileType = sourcecode.swift; path = InstaCloneApp.swift; sourceTree = "<group>"; };
		3D2CAA9C2544A42900CCC033 /* FeedView.swift */ = {isa = PBXFileReference; lastKnownFileType = sourcecode.swift; path = FeedView.swift; sourceTree = "<group>"; };
		3D2CAA9E2544A42900CCC033 /* Assets.xcassets */ = {isa = PBXFileReference; lastKnownFileType = folder.assetcatalog; path = Assets.xcassets; sourceTree = "<group>"; };
		3D2CAAA12544A42900CCC033 /* Preview Assets.xcassets */ = {isa = PBXFileReference; lastKnownFileType = folder.assetcatalog; path = "Preview Assets.xcassets"; sourceTree = "<group>"; };
		3D2CAAA32544A42900CCC033 /* Info.plist */ = {isa = PBXFileReference; lastKnownFileType = text.plist.xml; path = Info.plist; sourceTree = "<group>"; };
		3D2CAAAA2544A53000CCC033 /* AppView.swift */ = {isa = PBXFileReference; lastKnownFileType = sourcecode.swift; path = AppView.swift; sourceTree = "<group>"; };
		3D2CAAAE2544A58500CCC033 /* ProfileView.swift */ = {isa = PBXFileReference; lastKnownFileType = sourcecode.swift; path = ProfileView.swift; sourceTree = "<group>"; };
		3D2CAAB32544A60600CCC033 /* SearchView.swift */ = {isa = PBXFileReference; lastKnownFileType = sourcecode.swift; path = SearchView.swift; sourceTree = "<group>"; };
		3D2CAAB62544A66800CCC033 /* AddContentView.swift */ = {isa = PBXFileReference; lastKnownFileType = sourcecode.swift; path = AddContentView.swift; sourceTree = "<group>"; };
		3D2CAAB92544A6CF00CCC033 /* ActivityView.swift */ = {isa = PBXFileReference; lastKnownFileType = sourcecode.swift; path = ActivityView.swift; sourceTree = "<group>"; };
		3D42948D254D7667008EDE5A /* DataAccess.swift */ = {isa = PBXFileReference; lastKnownFileType = sourcecode.swift; path = DataAccess.swift; sourceTree = "<group>"; };
		3D429490254D7C1C008EDE5A /* FileManager+Ext.swift */ = {isa = PBXFileReference; lastKnownFileType = sourcecode.swift; path = "FileManager+Ext.swift"; sourceTree = "<group>"; };
		3D8AE7DB254A03050063F24E /* PostCommentsView.swift */ = {isa = PBXFileReference; lastKnownFileType = sourcecode.swift; path = PostCommentsView.swift; sourceTree = "<group>"; };
		3D8AE7DE254A03DE0063F24E /* PosterProfileView.swift */ = {isa = PBXFileReference; lastKnownFileType = sourcecode.swift; path = PosterProfileView.swift; sourceTree = "<group>"; };
		3D8AE7E1254A045D0063F24E /* PostActionRibbonView.swift */ = {isa = PBXFileReference; lastKnownFileType = sourcecode.swift; path = PostActionRibbonView.swift; sourceTree = "<group>"; };
		3D8AE7E6254A070D0063F24E /* SignedOnUserStoryListView.swift */ = {isa = PBXFileReference; lastKnownFileType = sourcecode.swift; path = SignedOnUserStoryListView.swift; sourceTree = "<group>"; };
		3D8AE7EA254A072B0063F24E /* InfluencerStoryListView.swift */ = {isa = PBXFileReference; lastKnownFileType = sourcecode.swift; path = InfluencerStoryListView.swift; sourceTree = "<group>"; };
		3D8AE7EF254A0FE30063F24E /* StoriesListView.swift */ = {isa = PBXFileReference; lastKnownFileType = sourcecode.swift; path = StoriesListView.swift; sourceTree = "<group>"; };
		3D9065C1254B58E300020D28 /* Date+Ext.swift */ = {isa = PBXFileReference; lastKnownFileType = sourcecode.swift; path = "Date+Ext.swift"; sourceTree = "<group>"; };
		3D94098D2548A7260089C191 /* UserProfile.swift */ = {isa = PBXFileReference; lastKnownFileType = sourcecode.swift; path = UserProfile.swift; sourceTree = "<group>"; };
		3D9409902548A8590089C191 /* FeedViewModel.swift */ = {isa = PBXFileReference; lastKnownFileType = sourcecode.swift; path = FeedViewModel.swift; sourceTree = "<group>"; };
		3D9409932548AFA60089C191 /* SignOnPage.swift */ = {isa = PBXFileReference; lastKnownFileType = sourcecode.swift; path = SignOnPage.swift; sourceTree = "<group>"; };
		3D9409972548B1160089C191 /* PostListView.swift */ = {isa = PBXFileReference; lastKnownFileType = sourcecode.swift; path = PostListView.swift; sourceTree = "<group>"; };
		3D94099B2548B17A0089C191 /* PreviewMockData.swift */ = {isa = PBXFileReference; lastKnownFileType = sourcecode.swift; path = PreviewMockData.swift; sourceTree = "<group>"; };
		3DA30E30254CAFDA00370585 /* Haptics.swift */ = {isa = PBXFileReference; lastKnownFileType = sourcecode.swift; path = Haptics.swift; sourceTree = "<group>"; };
/* End PBXFileReference section */

/* Begin PBXFrameworksBuildPhase section */
		3D2CAA942544A42900CCC033 /* Frameworks */ = {
			isa = PBXFrameworksBuildPhase;
			buildActionMask = 2147483647;
			files = (
			);
			runOnlyForDeploymentPostprocessing = 0;
		};
/* End PBXFrameworksBuildPhase section */

/* Begin PBXGroup section */
		3D2CAA8E2544A42900CCC033 = {
			isa = PBXGroup;
			children = (
				3D2CAA992544A42900CCC033 /* InstaClone */,
				3D2CAA982544A42900CCC033 /* Products */,
			);
			sourceTree = "<group>";
		};
		3D2CAA982544A42900CCC033 /* Products */ = {
			isa = PBXGroup;
			children = (
				3D2CAA972544A42900CCC033 /* InstaClone.app */,
			);
			name = Products;
			sourceTree = "<group>";
		};
		3D2CAA992544A42900CCC033 /* InstaClone */ = {
			isa = PBXGroup;
			children = (
				3D2CAA9A2544A42900CCC033 /* InstaCloneApp.swift */,
				3D94098C2548A6F70089C191 /* Views */,
				3D94098B2548A6F00089C191 /* Model */,
				3D94099A2548B1490089C191 /* Helpers */,
				3D2CAA9E2544A42900CCC033 /* Assets.xcassets */,
				3D2CAAA32544A42900CCC033 /* Info.plist */,
				3D2CAAA02544A42900CCC033 /* Preview Content */,
			);
			path = InstaClone;
			sourceTree = "<group>";
		};
		3D2CAAA02544A42900CCC033 /* Preview Content */ = {
			isa = PBXGroup;
			children = (
				3D2CAAA12544A42900CCC033 /* Preview Assets.xcassets */,
			);
			path = "Preview Content";
			sourceTree = "<group>";
		};
		3D8AE7DA254A02ED0063F24E /* PostViews */ = {
			isa = PBXGroup;
			children = (
				3D9409972548B1160089C191 /* PostListView.swift */,
				3D8AE7DB254A03050063F24E /* PostCommentsView.swift */,
				3D8AE7DE254A03DE0063F24E /* PosterProfileView.swift */,
				3D8AE7E1254A045D0063F24E /* PostActionRibbonView.swift */,
			);
			path = PostViews;
			sourceTree = "<group>";
		};
		3D8AE7E5254A06FC0063F24E /* StoryViews */ = {
			isa = PBXGroup;
			children = (
				3D8AE7EF254A0FE30063F24E /* StoriesListView.swift */,
				3D8AE7E6254A070D0063F24E /* SignedOnUserStoryListView.swift */,
				3D8AE7EA254A072B0063F24E /* InfluencerStoryListView.swift */,
			);
			path = StoryViews;
			sourceTree = "<group>";
		};
		3D94098B2548A6F00089C191 /* Model */ = {
			isa = PBXGroup;
			children = (
				3D94098D2548A7260089C191 /* UserProfile.swift */,
				3D9409902548A8590089C191 /* FeedViewModel.swift */,
			);
			path = Model;
			sourceTree = "<group>";
		};
		3D94098C2548A6F70089C191 /* Views */ = {
			isa = PBXGroup;
			children = (
				3D9409932548AFA60089C191 /* SignOnPage.swift */,
				3D2CAAAA2544A53000CCC033 /* AppView.swift */,
				3D2CAA9C2544A42900CCC033 /* FeedView.swift */,
				3D2CAAB32544A60600CCC033 /* SearchView.swift */,
				3D2CAAB62544A66800CCC033 /* AddContentView.swift */,
				3D2CAAB92544A6CF00CCC033 /* ActivityView.swift */,
				3D2CAAAE2544A58500CCC033 /* ProfileView.swift */,
				3D8AE7E5254A06FC0063F24E /* StoryViews */,
				3D8AE7DA254A02ED0063F24E /* PostViews */,
			);
			path = Views;
			sourceTree = "<group>";
		};
		3D94099A2548B1490089C191 /* Helpers */ = {
			isa = PBXGroup;
			children = (
				3D94099B2548B17A0089C191 /* PreviewMockData.swift */,
				3D9065C1254B58E300020D28 /* Date+Ext.swift */,
				3DA30E30254CAFDA00370585 /* Haptics.swift */,
				3D42948D254D7667008EDE5A /* DataAccess.swift */,
				3D429490254D7C1C008EDE5A /* FileManager+Ext.swift */,
			);
			path = Helpers;
			sourceTree = "<group>";
		};
/* End PBXGroup section */

/* Begin PBXNativeTarget section */
		3D2CAA962544A42900CCC033 /* InstaClone */ = {
			isa = PBXNativeTarget;
			buildConfigurationList = 3D2CAAA62544A42900CCC033 /* Build configuration list for PBXNativeTarget "InstaClone" */;
			buildPhases = (
				3D2CAA932544A42900CCC033 /* Sources */,
				3D2CAA942544A42900CCC033 /* Frameworks */,
				3D2CAA952544A42900CCC033 /* Resources */,
			);
			buildRules = (
			);
			dependencies = (
			);
			name = InstaClone;
			productName = InstaClone;
			productReference = 3D2CAA972544A42900CCC033 /* InstaClone.app */;
			productType = "com.apple.product-type.application";
		};
/* End PBXNativeTarget section */

/* Begin PBXProject section */
		3D2CAA8F2544A42900CCC033 /* Project object */ = {
			isa = PBXProject;
			attributes = {
				LastSwiftUpdateCheck = 1220;
				LastUpgradeCheck = 1220;
				TargetAttributes = {
					3D2CAA962544A42900CCC033 = {
						CreatedOnToolsVersion = 12.2;
					};
				};
			};
			buildConfigurationList = 3D2CAA922544A42900CCC033 /* Build configuration list for PBXProject "InstaClone" */;
			compatibilityVersion = "Xcode 9.3";
			developmentRegion = en;
			hasScannedForEncodings = 0;
			knownRegions = (
				en,
				Base,
			);
			mainGroup = 3D2CAA8E2544A42900CCC033;
			productRefGroup = 3D2CAA982544A42900CCC033 /* Products */;
			projectDirPath = "";
			projectRoot = "";
			targets = (
				3D2CAA962544A42900CCC033 /* InstaClone */,
			);
		};
/* End PBXProject section */

/* Begin PBXResourcesBuildPhase section */
		3D2CAA952544A42900CCC033 /* Resources */ = {
			isa = PBXResourcesBuildPhase;
			buildActionMask = 2147483647;
			files = (
				3D2CAAA22544A42900CCC033 /* Preview Assets.xcassets in Resources */,
				3D2CAA9F2544A42900CCC033 /* Assets.xcassets in Resources */,
			);
			runOnlyForDeploymentPostprocessing = 0;
		};
/* End PBXResourcesBuildPhase section */

/* Begin PBXSourcesBuildPhase section */
		3D2CAA932544A42900CCC033 /* Sources */ = {
			isa = PBXSourcesBuildPhase;
			buildActionMask = 2147483647;
			files = (
				3D2CAAB42544A60600CCC033 /* SearchView.swift in Sources */,
				3D2CAAAF2544A58500CCC033 /* ProfileView.swift in Sources */,
				3D94099C2548B17A0089C191 /* PreviewMockData.swift in Sources */,
				3D8AE7DF254A03DE0063F24E /* PosterProfileView.swift in Sources */,
				3D2CAAB72544A66800CCC033 /* AddContentView.swift in Sources */,
				3D2CAA9D2544A42900CCC033 /* FeedView.swift in Sources */,
				3D94098E2548A7260089C191 /* UserProfile.swift in Sources */,
				3D8AE7E2254A045D0063F24E /* PostActionRibbonView.swift in Sources */,
				3D8AE7F0254A0FE30063F24E /* StoriesListView.swift in Sources */,
				3D9065C2254B58E300020D28 /* Date+Ext.swift in Sources */,
				3D8AE7E7254A070D0063F24E /* SignedOnUserStoryListView.swift in Sources */,
				3D9409982548B1160089C191 /* PostListView.swift in Sources */,
				3DA30E31254CAFDA00370585 /* Haptics.swift in Sources */,
				3D42948E254D7667008EDE5A /* DataAccess.swift in Sources */,
				3D2CAABA2544A6CF00CCC033 /* ActivityView.swift in Sources */,
				3D2CAA9B2544A42900CCC033 /* InstaCloneApp.swift in Sources */,
				3D8AE7EB254A072B0063F24E /* InfluencerStoryListView.swift in Sources */,
				3D429491254D7C1C008EDE5A /* FileManager+Ext.swift in Sources */,
				3D2CAAAB2544A53000CCC033 /* AppView.swift in Sources */,
				3D8AE7DC254A03050063F24E /* PostCommentsView.swift in Sources */,
				3D9409942548AFA60089C191 /* SignOnPage.swift in Sources */,
				3D9409912548A8590089C191 /* FeedViewModel.swift in Sources */,
			);
			runOnlyForDeploymentPostprocessing = 0;
		};
/* End PBXSourcesBuildPhase section */

/* Begin XCBuildConfiguration section */
		3D2CAAA42544A42900CCC033 /* Debug */ = {
			isa = XCBuildConfiguration;
			buildSettings = {
				ALWAYS_SEARCH_USER_PATHS = NO;
				CLANG_ANALYZER_NONNULL = YES;
				CLANG_ANALYZER_NUMBER_OBJECT_CONVERSION = YES_AGGRESSIVE;
				CLANG_CXX_LANGUAGE_STANDARD = "gnu++14";
				CLANG_CXX_LIBRARY = "libc++";
				CLANG_ENABLE_MODULES = YES;
				CLANG_ENABLE_OBJC_ARC = YES;
				CLANG_ENABLE_OBJC_WEAK = YES;
				CLANG_WARN_BLOCK_CAPTURE_AUTORELEASING = YES;
				CLANG_WARN_BOOL_CONVERSION = YES;
				CLANG_WARN_COMMA = YES;
				CLANG_WARN_CONSTANT_CONVERSION = YES;
				CLANG_WARN_DEPRECATED_OBJC_IMPLEMENTATIONS = YES;
				CLANG_WARN_DIRECT_OBJC_ISA_USAGE = YES_ERROR;
				CLANG_WARN_DOCUMENTATION_COMMENTS = YES;
				CLANG_WARN_EMPTY_BODY = YES;
				CLANG_WARN_ENUM_CONVERSION = YES;
				CLANG_WARN_INFINITE_RECURSION = YES;
				CLANG_WARN_INT_CONVERSION = YES;
				CLANG_WARN_NON_LITERAL_NULL_CONVERSION = YES;
				CLANG_WARN_OBJC_IMPLICIT_RETAIN_SELF = YES;
				CLANG_WARN_OBJC_LITERAL_CONVERSION = YES;
				CLANG_WARN_OBJC_ROOT_CLASS = YES_ERROR;
				CLANG_WARN_QUOTED_INCLUDE_IN_FRAMEWORK_HEADER = YES;
				CLANG_WARN_RANGE_LOOP_ANALYSIS = YES;
				CLANG_WARN_STRICT_PROTOTYPES = YES;
				CLANG_WARN_SUSPICIOUS_MOVE = YES;
				CLANG_WARN_UNGUARDED_AVAILABILITY = YES_AGGRESSIVE;
				CLANG_WARN_UNREACHABLE_CODE = YES;
				CLANG_WARN__DUPLICATE_METHOD_MATCH = YES;
				COPY_PHASE_STRIP = NO;
				DEBUG_INFORMATION_FORMAT = dwarf;
				ENABLE_STRICT_OBJC_MSGSEND = YES;
				ENABLE_TESTABILITY = YES;
				GCC_C_LANGUAGE_STANDARD = gnu11;
				GCC_DYNAMIC_NO_PIC = NO;
				GCC_NO_COMMON_BLOCKS = YES;
				GCC_OPTIMIZATION_LEVEL = 0;
				GCC_PREPROCESSOR_DEFINITIONS = (
					"DEBUG=1",
					"$(inherited)",
				);
				GCC_WARN_64_TO_32_BIT_CONVERSION = YES;
				GCC_WARN_ABOUT_RETURN_TYPE = YES_ERROR;
				GCC_WARN_UNDECLARED_SELECTOR = YES;
				GCC_WARN_UNINITIALIZED_AUTOS = YES_AGGRESSIVE;
				GCC_WARN_UNUSED_FUNCTION = YES;
				GCC_WARN_UNUSED_VARIABLE = YES;
				IPHONEOS_DEPLOYMENT_TARGET = 14.2;
				MTL_ENABLE_DEBUG_INFO = INCLUDE_SOURCE;
				MTL_FAST_MATH = YES;
				ONLY_ACTIVE_ARCH = YES;
				SDKROOT = iphoneos;
				SWIFT_ACTIVE_COMPILATION_CONDITIONS = DEBUG;
				SWIFT_OPTIMIZATION_LEVEL = "-Onone";
			};
			name = Debug;
		};
		3D2CAAA52544A42900CCC033 /* Release */ = {
			isa = XCBuildConfiguration;
			buildSettings = {
				ALWAYS_SEARCH_USER_PATHS = NO;
				CLANG_ANALYZER_NONNULL = YES;
				CLANG_ANALYZER_NUMBER_OBJECT_CONVERSION = YES_AGGRESSIVE;
				CLANG_CXX_LANGUAGE_STANDARD = "gnu++14";
				CLANG_CXX_LIBRARY = "libc++";
				CLANG_ENABLE_MODULES = YES;
				CLANG_ENABLE_OBJC_ARC = YES;
				CLANG_ENABLE_OBJC_WEAK = YES;
				CLANG_WARN_BLOCK_CAPTURE_AUTORELEASING = YES;
				CLANG_WARN_BOOL_CONVERSION = YES;
				CLANG_WARN_COMMA = YES;
				CLANG_WARN_CONSTANT_CONVERSION = YES;
				CLANG_WARN_DEPRECATED_OBJC_IMPLEMENTATIONS = YES;
				CLANG_WARN_DIRECT_OBJC_ISA_USAGE = YES_ERROR;
				CLANG_WARN_DOCUMENTATION_COMMENTS = YES;
				CLANG_WARN_EMPTY_BODY = YES;
				CLANG_WARN_ENUM_CONVERSION = YES;
				CLANG_WARN_INFINITE_RECURSION = YES;
				CLANG_WARN_INT_CONVERSION = YES;
				CLANG_WARN_NON_LITERAL_NULL_CONVERSION = YES;
				CLANG_WARN_OBJC_IMPLICIT_RETAIN_SELF = YES;
				CLANG_WARN_OBJC_LITERAL_CONVERSION = YES;
				CLANG_WARN_OBJC_ROOT_CLASS = YES_ERROR;
				CLANG_WARN_QUOTED_INCLUDE_IN_FRAMEWORK_HEADER = YES;
				CLANG_WARN_RANGE_LOOP_ANALYSIS = YES;
				CLANG_WARN_STRICT_PROTOTYPES = YES;
				CLANG_WARN_SUSPICIOUS_MOVE = YES;
				CLANG_WARN_UNGUARDED_AVAILABILITY = YES_AGGRESSIVE;
				CLANG_WARN_UNREACHABLE_CODE = YES;
				CLANG_WARN__DUPLICATE_METHOD_MATCH = YES;
				COPY_PHASE_STRIP = NO;
				DEBUG_INFORMATION_FORMAT = "dwarf-with-dsym";
				ENABLE_NS_ASSERTIONS = NO;
				ENABLE_STRICT_OBJC_MSGSEND = YES;
				GCC_C_LANGUAGE_STANDARD = gnu11;
				GCC_NO_COMMON_BLOCKS = YES;
				GCC_WARN_64_TO_32_BIT_CONVERSION = YES;
				GCC_WARN_ABOUT_RETURN_TYPE = YES_ERROR;
				GCC_WARN_UNDECLARED_SELECTOR = YES;
				GCC_WARN_UNINITIALIZED_AUTOS = YES_AGGRESSIVE;
				GCC_WARN_UNUSED_FUNCTION = YES;
				GCC_WARN_UNUSED_VARIABLE = YES;
				IPHONEOS_DEPLOYMENT_TARGET = 14.2;
				MTL_ENABLE_DEBUG_INFO = NO;
				MTL_FAST_MATH = YES;
				SDKROOT = iphoneos;
				SWIFT_COMPILATION_MODE = wholemodule;
				SWIFT_OPTIMIZATION_LEVEL = "-O";
				VALIDATE_PRODUCT = YES;
			};
			name = Release;
		};
		3D2CAAA72544A42900CCC033 /* Debug */ = {
			isa = XCBuildConfiguration;
			buildSettings = {
				ASSETCATALOG_COMPILER_APPICON_NAME = AppIcon;
				ASSETCATALOG_COMPILER_GLOBAL_ACCENT_COLOR_NAME = AccentColor;
				CODE_SIGN_STYLE = Automatic;
				DEVELOPMENT_ASSET_PATHS = "\"InstaClone/Preview Content\"";
				DEVELOPMENT_TEAM = 9RHBZ7GZXD;
				ENABLE_PREVIEWS = YES;
				INFOPLIST_FILE = InstaClone/Info.plist;
				IPHONEOS_DEPLOYMENT_TARGET = 14.0;
				LD_RUNPATH_SEARCH_PATHS = (
					"$(inherited)",
					"@executable_path/Frameworks",
				);
				PRODUCT_BUNDLE_IDENTIFIER = com.aidanpendlebury.InstaClone;
				PRODUCT_NAME = "$(TARGET_NAME)";
				SWIFT_VERSION = 5.0;
				TARGETED_DEVICE_FAMILY = "1,2";
			};
			name = Debug;
		};
		3D2CAAA82544A42900CCC033 /* Release */ = {
			isa = XCBuildConfiguration;
			buildSettings = {
				ASSETCATALOG_COMPILER_APPICON_NAME = AppIcon;
				ASSETCATALOG_COMPILER_GLOBAL_ACCENT_COLOR_NAME = AccentColor;
				CODE_SIGN_STYLE = Automatic;
				DEVELOPMENT_ASSET_PATHS = "\"InstaClone/Preview Content\"";
				DEVELOPMENT_TEAM = 9RHBZ7GZXD;
				ENABLE_PREVIEWS = YES;
				INFOPLIST_FILE = InstaClone/Info.plist;
				IPHONEOS_DEPLOYMENT_TARGET = 14.0;
				LD_RUNPATH_SEARCH_PATHS = (
					"$(inherited)",
					"@executable_path/Frameworks",
				);
				PRODUCT_BUNDLE_IDENTIFIER = com.aidanpendlebury.InstaClone;
				PRODUCT_NAME = "$(TARGET_NAME)";
				SWIFT_VERSION = 5.0;
				TARGETED_DEVICE_FAMILY = "1,2";
			};
			name = Release;
		};
/* End XCBuildConfiguration section */

/* Begin XCConfigurationList section */
		3D2CAA922544A42900CCC033 /* Build configuration list for PBXProject "InstaClone" */ = {
			isa = XCConfigurationList;
			buildConfigurations = (
				3D2CAAA42544A42900CCC033 /* Debug */,
				3D2CAAA52544A42900CCC033 /* Release */,
			);
			defaultConfigurationIsVisible = 0;
			defaultConfigurationName = Release;
		};
		3D2CAAA62544A42900CCC033 /* Build configuration list for PBXNativeTarget "InstaClone" */ = {
			isa = XCConfigurationList;
			buildConfigurations = (
				3D2CAAA72544A42900CCC033 /* Debug */,
				3D2CAAA82544A42900CCC033 /* Release */,
			);
			defaultConfigurationIsVisible = 0;
			defaultConfigurationName = Release;
		};
/* End XCConfigurationList section */
	};
	rootObject = 3D2CAA8F2544A42900CCC033 /* Project object */;
}
